
Microsoft Visual Studio Solution File, Format Version 12.00
# Visual Studio 15
VisualStudioVersion = 15.0.26730.16
MinimumVisualStudioVersion = 10.0.40219.1
Project("{9A19103F-16F7-4668-BE54-9A1E7A4F7556}") = "EmployeeListTest.DomainModel", "EmployeeListTest.DomainModel\EmployeeListTest.DomainModel.csproj", "{F8601100-8881-462C-AC21-D34FFC18952E}"
EndProject
Project("{9A19103F-16F7-4668-BE54-9A1E7A4F7556}") = "EmployeeListTest.DAL", "EmployeeListTest.DAL\EmployeeListTest.DAL.csproj", "{86A92238-6992-4D35-87ED-565F348E4EEF}"
EndProject
Project("{FAE04EC0-301F-11D3-BF4B-00C04F79EFBC}") = "EmployeeListTest.Main", "EmployeeListTest.Main\EmployeeListTest.Main.csproj", "{29CCB1CD-916F-4A20-ADB7-C341ED9D78C6}"
EndProject
Global
	GlobalSection(SolutionConfigurationPlatforms) = preSolution
		Debug|Any CPU = Debug|Any CPU
		Release|Any CPU = Release|Any CPU
	EndGlobalSection
	GlobalSection(ProjectConfigurationPlatforms) = postSolution
		{F8601100-8881-462C-AC21-D34FFC18952E}.Debug|Any CPU.ActiveCfg = Debug|Any CPU
		{F8601100-8881-462C-AC21-D34FFC18952E}.Debug|Any CPU.Build.0 = Debug|Any CPU
		{F8601100-8881-462C-AC21-D34FFC18952E}.Release|Any CPU.ActiveCfg = Release|Any CPU
		{F8601100-8881-462C-AC21-D34FFC18952E}.Release|Any CPU.Build.0 = Release|Any CPU
		{86A92238-6992-4D35-87ED-565F348E4EEF}.Debug|Any CPU.ActiveCfg = Debug|Any CPU
		{86A92238-6992-4D35-87ED-565F348E4EEF}.Debug|Any CPU.Build.0 = Debug|Any CPU
		{86A92238-6992-4D35-87ED-565F348E4EEF}.Release|Any CPU.ActiveCfg = Release|Any CPU
		{86A92238-6992-4D35-87ED-565F348E4EEF}.Release|Any CPU.Build.0 = Release|Any CPU
		{29CCB1CD-916F-4A20-ADB7-C341ED9D78C6}.Debug|Any CPU.ActiveCfg = Debug|Any CPU
		{29CCB1CD-916F-4A20-ADB7-C341ED9D78C6}.Debug|Any CPU.Build.0 = Debug|Any CPU
		{29CCB1CD-916F-4A20-ADB7-C341ED9D78C6}.Release|Any CPU.ActiveCfg = Release|Any CPU
		{29CCB1CD-916F-4A20-ADB7-C341ED9D78C6}.Release|Any CPU.Build.0 = Release|Any CPU
	EndGlobalSection
	GlobalSection(SolutionProperties) = preSolution
		HideSolutionNode = FALSE
	EndGlobalSection
	GlobalSection(ExtensibilityGlobals) = postSolution
		SolutionGuid = {021CFC80-0015-4953-819A-651E0F114BFE}
	EndGlobalSection
EndGlobal
